
Microsoft Visual Studio Solution File, Format Version 12.00
# Visual Studio Version 17
VisualStudioVersion = 17.7.34003.232
MinimumVisualStudioVersion = 10.0.40219.1
Project("{FAE04EC0-301F-11D3-BF4B-00C04F79EFBC}") = "BurgerAPI", "BurgerAPI\BurgerAPI.csproj", "{D8BFAFBE-B921-4E12-A6E3-E5ED7AAF7D7C}"
EndProject
Project("{FAE04EC0-301F-11D3-BF4B-00C04F79EFBC}") = "Entities", "Entities\Entities.csproj", "{7B67A1FB-1A37-4155-AFA4-6DE5D54AE04B}"
EndProject
Project("{FAE04EC0-301F-11D3-BF4B-00C04F79EFBC}") = "Repositories", "Repositories\Repositories.csproj", "{AACCE0FD-3223-4D6C-B88F-012176F0B18D}"
EndProject
Project("{FAE04EC0-301F-11D3-BF4B-00C04F79EFBC}") = "RepositoryContracts", "RepositoryContracts\RepositoryContracts.csproj", "{B9858E60-D96A-47B2-9300-47441B8877E0}"
EndProject
Project("{FAE04EC0-301F-11D3-BF4B-00C04F79EFBC}") = "ServiceContracts", "ServiceContracts\ServiceContracts.csproj", "{9EC76C52-4302-4255-9D75-94D511D6F50D}"
EndProject
Project("{FAE04EC0-301F-11D3-BF4B-00C04F79EFBC}") = "Services", "Services\Services.csproj", "{C189B78A-DD1F-4016-8651-85BC747D86A4}"
EndProject
Global
	GlobalSection(SolutionConfigurationPlatforms) = preSolution
		Debug|Any CPU = Debug|Any CPU
		Release|Any CPU = Release|Any CPU
	EndGlobalSection
	GlobalSection(ProjectConfigurationPlatforms) = postSolution
		{D8BFAFBE-B921-4E12-A6E3-E5ED7AAF7D7C}.Debug|Any CPU.ActiveCfg = Debug|Any CPU
		{D8BFAFBE-B921-4E12-A6E3-E5ED7AAF7D7C}.Debug|Any CPU.Build.0 = Debug|Any CPU
		{D8BFAFBE-B921-4E12-A6E3-E5ED7AAF7D7C}.Release|Any CPU.ActiveCfg = Release|Any CPU
		{D8BFAFBE-B921-4E12-A6E3-E5ED7AAF7D7C}.Release|Any CPU.Build.0 = Release|Any CPU
		{7B67A1FB-1A37-4155-AFA4-6DE5D54AE04B}.Debug|Any CPU.ActiveCfg = Debug|Any CPU
		{7B67A1FB-1A37-4155-AFA4-6DE5D54AE04B}.Debug|Any CPU.Build.0 = Debug|Any CPU
		{7B67A1FB-1A37-4155-AFA4-6DE5D54AE04B}.Release|Any CPU.ActiveCfg = Release|Any CPU
		{7B67A1FB-1A37-4155-AFA4-6DE5D54AE04B}.Release|Any CPU.Build.0 = Release|Any CPU
		{AACCE0FD-3223-4D6C-B88F-012176F0B18D}.Debug|Any CPU.ActiveCfg = Debug|Any CPU
		{AACCE0FD-3223-4D6C-B88F-012176F0B18D}.Debug|Any CPU.Build.0 = Debug|Any CPU
		{AACCE0FD-3223-4D6C-B88F-012176F0B18D}.Release|Any CPU.ActiveCfg = Release|Any CPU
		{AACCE0FD-3223-4D6C-B88F-012176F0B18D}.Release|Any CPU.Build.0 = Release|Any CPU
		{B9858E60-D96A-47B2-9300-47441B8877E0}.Debug|Any CPU.ActiveCfg = Debug|Any CPU
		{B9858E60-D96A-47B2-9300-47441B8877E0}.Debug|Any CPU.Build.0 = Debug|Any CPU
		{B9858E60-D96A-47B2-9300-47441B8877E0}.Release|Any CPU.ActiveCfg = Release|Any CPU
		{B9858E60-D96A-47B2-9300-47441B8877E0}.Release|Any CPU.Build.0 = Release|Any CPU
		{9EC76C52-4302-4255-9D75-94D511D6F50D}.Debug|Any CPU.ActiveCfg = Debug|Any CPU
		{9EC76C52-4302-4255-9D75-94D511D6F50D}.Debug|Any CPU.Build.0 = Debug|Any CPU
		{9EC76C52-4302-4255-9D75-94D511D6F50D}.Release|Any CPU.ActiveCfg = Release|Any CPU
		{9EC76C52-4302-4255-9D75-94D511D6F50D}.Release|Any CPU.Build.0 = Release|Any CPU
		{C189B78A-DD1F-4016-8651-85BC747D86A4}.Debug|Any CPU.ActiveCfg = Debug|Any CPU
		{C189B78A-DD1F-4016-8651-85BC747D86A4}.Debug|Any CPU.Build.0 = Debug|Any CPU
		{C189B78A-DD1F-4016-8651-85BC747D86A4}.Release|Any CPU.ActiveCfg = Release|Any CPU
		{C189B78A-DD1F-4016-8651-85BC747D86A4}.Release|Any CPU.Build.0 = Release|Any CPU
	EndGlobalSection
	GlobalSection(SolutionProperties) = preSolution
		HideSolutionNode = FALSE
	EndGlobalSection
	GlobalSection(ExtensibilityGlobals) = postSolution
		SolutionGuid = {1DC15B59-17C9-43E4-BCC1-B055BF3DF16D}
	EndGlobalSection
EndGlobal
